// !$*UTF8*$!
{
	archiveVersion = 1;
	classes = {
	};
	objectVersion = 46;
	objects = {

/* Begin PBXBuildFile section */
		3196DF058CE769C0E225C740 /* Pods_ChoiceSNS.framework in Frameworks */ = {isa = PBXBuildFile; fileRef = 9120481EDDB2E97D1FC61ED2 /* Pods_ChoiceSNS.framework */; };
		EF774A581D9E15E500C773E5 /* AppDelegate.swift in Sources */ = {isa = PBXBuildFile; fileRef = EF774A571D9E15E500C773E5 /* AppDelegate.swift */; };
		EF774A5A1D9E15E500C773E5 /* MainVC.swift in Sources */ = {isa = PBXBuildFile; fileRef = EF774A591D9E15E500C773E5 /* MainVC.swift */; };
		EF774A5D1D9E15E500C773E5 /* Main.storyboard in Resources */ = {isa = PBXBuildFile; fileRef = EF774A5B1D9E15E500C773E5 /* Main.storyboard */; };
		EF774A5F1D9E15E500C773E5 /* Assets.xcassets in Resources */ = {isa = PBXBuildFile; fileRef = EF774A5E1D9E15E500C773E5 /* Assets.xcassets */; };
		EF774A621D9E15E500C773E5 /* LaunchScreen.storyboard in Resources */ = {isa = PBXBuildFile; fileRef = EF774A601D9E15E500C773E5 /* LaunchScreen.storyboard */; };
		EF774A6C1D9E1ED900C773E5 /* imgJjajang.jpg in Resources */ = {isa = PBXBuildFile; fileRef = EF774A691D9E1ED900C773E5 /* imgJjajang.jpg */; };
		EF774A6D1D9E1ED900C773E5 /* imgJJmaBBong.jpeg in Resources */ = {isa = PBXBuildFile; fileRef = EF774A6A1D9E1ED900C773E5 /* imgJJmaBBong.jpeg */; };
		EF774A6E1D9E1ED900C773E5 /* imgProfile.jpg in Resources */ = {isa = PBXBuildFile; fileRef = EF774A6B1D9E1ED900C773E5 /* imgProfile.jpg */; };
		EF774A701D9E1F1800C773E5 /* PostCell.swift in Sources */ = {isa = PBXBuildFile; fileRef = EF774A6F1D9E1F1800C773E5 /* PostCell.swift */; };
		EF774A721D9E21DB00C773E5 /* PostTableView.swift in Sources */ = {isa = PBXBuildFile; fileRef = EF774A711D9E21DB00C773E5 /* PostTableView.swift */; };
		EF774A771D9E69F500C773E5 /* customUser.swift in Sources */ = {isa = PBXBuildFile; fileRef = EF774A761D9E69F500C773E5 /* customUser.swift */; };
		EF774A791D9E6AEB00C773E5 /* Plan.swift in Sources */ = {isa = PBXBuildFile; fileRef = EF774A781D9E6AEB00C773E5 /* Plan.swift */; };
		EF7D7ABC1DA175890005AEBB /* SignInVC.swift in Sources */ = {isa = PBXBuildFile; fileRef = EF7D7ABB1DA175890005AEBB /* SignInVC.swift */; };
		EF7D7AC21DA17A080005AEBB /* iconMonster.png in Resources */ = {isa = PBXBuildFile; fileRef = EF7D7ABD1DA17A080005AEBB /* iconMonster.png */; };
		EF7D7AC31DA17A080005AEBB /* iconBell.png in Resources */ = {isa = PBXBuildFile; fileRef = EF7D7ABE1DA17A080005AEBB /* iconBell.png */; };
		EF7D7AC41DA17A080005AEBB /* iocnSearch.png in Resources */ = {isa = PBXBuildFile; fileRef = EF7D7ABF1DA17A080005AEBB /* iocnSearch.png */; };
		EF7D7AC51DA17A080005AEBB /* iconUser.png in Resources */ = {isa = PBXBuildFile; fileRef = EF7D7AC01DA17A080005AEBB /* iconUser.png */; };
		EF7D7AC61DA17A080005AEBB /* iconHome.png in Resources */ = {isa = PBXBuildFile; fileRef = EF7D7AC11DA17A080005AEBB /* iconHome.png */; };
		EFAA4E691D9FE6B3007B098C /* imgPlan1_A.jpeg in Resources */ = {isa = PBXBuildFile; fileRef = EFAA4E671D9FE6B3007B098C /* imgPlan1_A.jpeg */; };
		EFAA4E6A1D9FE6B3007B098C /* imgPlan1_B.jpeg in Resources */ = {isa = PBXBuildFile; fileRef = EFAA4E681D9FE6B3007B098C /* imgPlan1_B.jpeg */; };
		EFAA4E6C1D9FEAF0007B098C /* WritePostVC.swift in Sources */ = {isa = PBXBuildFile; fileRef = EFAA4E6B1D9FEAF0007B098C /* WritePostVC.swift */; };
		EFE5E4701D9E872E0078FB78 /* imgMoon.jpeg in Resources */ = {isa = PBXBuildFile; fileRef = EFE5E46F1D9E872E0078FB78 /* imgMoon.jpeg */; };
		EFE5E4721D9E8AE40078FB78 /* customPost.swift in Sources */ = {isa = PBXBuildFile; fileRef = EFE5E4711D9E8AE40078FB78 /* customPost.swift */; };
		EFE5E4771D9EA0C40078FB78 /* PlanBlurView.swift in Sources */ = {isa = PBXBuildFile; fileRef = EFE5E4761D9EA0C40078FB78 /* PlanBlurView.swift */; };
		EFE5E4791D9EA4A50078FB78 /* iconCircleChart.png in Resources */ = {isa = PBXBuildFile; fileRef = EFE5E4781D9EA4A50078FB78 /* iconCircleChart.png */; };
		EFE5E47C1D9EA5C50078FB78 /* iconBubble.png in Resources */ = {isa = PBXBuildFile; fileRef = EFE5E47B1D9EA5C50078FB78 /* iconBubble.png */; };
		EFE5E47E1D9EA7BE0078FB78 /* MiniCommentTableView.swift in Sources */ = {isa = PBXBuildFile; fileRef = EFE5E47D1D9EA7BE0078FB78 /* MiniCommentTableView.swift */; };
/* End PBXBuildFile section */

/* Begin PBXFileReference section */
		801667A7049CFB4A78E5F316 /* Pods-ChoiceSNS.debug.xcconfig */ = {isa = PBXFileReference; includeInIndex = 1; lastKnownFileType = text.xcconfig; name = "Pods-ChoiceSNS.debug.xcconfig"; path = "Pods/Target Support Files/Pods-ChoiceSNS/Pods-ChoiceSNS.debug.xcconfig"; sourceTree = "<group>"; };
		90295E4374F8CEC836CA9D4F /* Pods-ChoiceSNS.release.xcconfig */ = {isa = PBXFileReference; includeInIndex = 1; lastKnownFileType = text.xcconfig; name = "Pods-ChoiceSNS.release.xcconfig"; path = "Pods/Target Support Files/Pods-ChoiceSNS/Pods-ChoiceSNS.release.xcconfig"; sourceTree = "<group>"; };
		9120481EDDB2E97D1FC61ED2 /* Pods_ChoiceSNS.framework */ = {isa = PBXFileReference; explicitFileType = wrapper.framework; includeInIndex = 0; path = Pods_ChoiceSNS.framework; sourceTree = BUILT_PRODUCTS_DIR; };
		EF774A541D9E15E500C773E5 /* ChoiceSNS.app */ = {isa = PBXFileReference; explicitFileType = wrapper.application; includeInIndex = 0; path = ChoiceSNS.app; sourceTree = BUILT_PRODUCTS_DIR; };
		EF774A571D9E15E500C773E5 /* AppDelegate.swift */ = {isa = PBXFileReference; lastKnownFileType = sourcecode.swift; path = AppDelegate.swift; sourceTree = "<group>"; };
		EF774A591D9E15E500C773E5 /* MainVC.swift */ = {isa = PBXFileReference; lastKnownFileType = sourcecode.swift; path = MainVC.swift; sourceTree = "<group>"; };
		EF774A5C1D9E15E500C773E5 /* Base */ = {isa = PBXFileReference; lastKnownFileType = file.storyboard; name = Base; path = Base.lproj/Main.storyboard; sourceTree = "<group>"; };
		EF774A5E1D9E15E500C773E5 /* Assets.xcassets */ = {isa = PBXFileReference; lastKnownFileType = folder.assetcatalog; path = Assets.xcassets; sourceTree = "<group>"; };
		EF774A611D9E15E500C773E5 /* Base */ = {isa = PBXFileReference; lastKnownFileType = file.storyboard; name = Base; path = Base.lproj/LaunchScreen.storyboard; sourceTree = "<group>"; };
		EF774A631D9E15E500C773E5 /* Info.plist */ = {isa = PBXFileReference; lastKnownFileType = text.plist.xml; path = Info.plist; sourceTree = "<group>"; };
		EF774A691D9E1ED900C773E5 /* imgJjajang.jpg */ = {isa = PBXFileReference; lastKnownFileType = image.jpeg; path = imgJjajang.jpg; sourceTree = "<group>"; };
		EF774A6A1D9E1ED900C773E5 /* imgJJmaBBong.jpeg */ = {isa = PBXFileReference; lastKnownFileType = image.jpeg; path = imgJJmaBBong.jpeg; sourceTree = "<group>"; };
		EF774A6B1D9E1ED900C773E5 /* imgProfile.jpg */ = {isa = PBXFileReference; lastKnownFileType = image.jpeg; path = imgProfile.jpg; sourceTree = "<group>"; };
		EF774A6F1D9E1F1800C773E5 /* PostCell.swift */ = {isa = PBXFileReference; fileEncoding = 4; lastKnownFileType = sourcecode.swift; path = PostCell.swift; sourceTree = "<group>"; };
		EF774A711D9E21DB00C773E5 /* PostTableView.swift */ = {isa = PBXFileReference; fileEncoding = 4; lastKnownFileType = sourcecode.swift; path = PostTableView.swift; sourceTree = "<group>"; };
		EF774A761D9E69F500C773E5 /* customUser.swift */ = {isa = PBXFileReference; fileEncoding = 4; lastKnownFileType = sourcecode.swift; path = customUser.swift; sourceTree = "<group>"; };
		EF774A781D9E6AEB00C773E5 /* Plan.swift */ = {isa = PBXFileReference; fileEncoding = 4; lastKnownFileType = sourcecode.swift; path = Plan.swift; sourceTree = "<group>"; };
		EF7D7ABB1DA175890005AEBB /* SignInVC.swift */ = {isa = PBXFileReference; fileEncoding = 4; lastKnownFileType = sourcecode.swift; path = SignInVC.swift; sourceTree = "<group>"; };
		EF7D7ABD1DA17A080005AEBB /* iconMonster.png */ = {isa = PBXFileReference; lastKnownFileType = image.png; path = iconMonster.png; sourceTree = "<group>"; };
		EF7D7ABE1DA17A080005AEBB /* iconBell.png */ = {isa = PBXFileReference; lastKnownFileType = image.png; path = iconBell.png; sourceTree = "<group>"; };
		EF7D7ABF1DA17A080005AEBB /* iocnSearch.png */ = {isa = PBXFileReference; lastKnownFileType = image.png; path = iocnSearch.png; sourceTree = "<group>"; };
		EF7D7AC01DA17A080005AEBB /* iconUser.png */ = {isa = PBXFileReference; lastKnownFileType = image.png; path = iconUser.png; sourceTree = "<group>"; };
		EF7D7AC11DA17A080005AEBB /* iconHome.png */ = {isa = PBXFileReference; lastKnownFileType = image.png; path = iconHome.png; sourceTree = "<group>"; };
		EFAA4E671D9FE6B3007B098C /* imgPlan1_A.jpeg */ = {isa = PBXFileReference; lastKnownFileType = image.jpeg; path = imgPlan1_A.jpeg; sourceTree = "<group>"; };
		EFAA4E681D9FE6B3007B098C /* imgPlan1_B.jpeg */ = {isa = PBXFileReference; lastKnownFileType = image.jpeg; path = imgPlan1_B.jpeg; sourceTree = "<group>"; };
		EFAA4E6B1D9FEAF0007B098C /* WritePostVC.swift */ = {isa = PBXFileReference; fileEncoding = 4; lastKnownFileType = sourcecode.swift; path = WritePostVC.swift; sourceTree = "<group>"; };
		EFE5E46F1D9E872E0078FB78 /* imgMoon.jpeg */ = {isa = PBXFileReference; lastKnownFileType = image.jpeg; path = imgMoon.jpeg; sourceTree = "<group>"; };
		EFE5E4711D9E8AE40078FB78 /* customPost.swift */ = {isa = PBXFileReference; fileEncoding = 4; lastKnownFileType = sourcecode.swift; path = customPost.swift; sourceTree = "<group>"; };
		EFE5E4761D9EA0C40078FB78 /* PlanBlurView.swift */ = {isa = PBXFileReference; fileEncoding = 4; lastKnownFileType = sourcecode.swift; path = PlanBlurView.swift; sourceTree = "<group>"; };
		EFE5E4781D9EA4A50078FB78 /* iconCircleChart.png */ = {isa = PBXFileReference; lastKnownFileType = image.png; path = iconCircleChart.png; sourceTree = "<group>"; };
		EFE5E47B1D9EA5C50078FB78 /* iconBubble.png */ = {isa = PBXFileReference; lastKnownFileType = image.png; path = iconBubble.png; sourceTree = "<group>"; };
		EFE5E47D1D9EA7BE0078FB78 /* MiniCommentTableView.swift */ = {isa = PBXFileReference; fileEncoding = 4; lastKnownFileType = sourcecode.swift; path = MiniCommentTableView.swift; sourceTree = "<group>"; };
/* End PBXFileReference section */

/* Begin PBXFrameworksBuildPhase section */
		EF774A511D9E15E500C773E5 /* Frameworks */ = {
			isa = PBXFrameworksBuildPhase;
			buildActionMask = 2147483647;
			files = (
				3196DF058CE769C0E225C740 /* Pods_ChoiceSNS.framework in Frameworks */,
			);
			runOnlyForDeploymentPostprocessing = 0;
		};
/* End PBXFrameworksBuildPhase section */

/* Begin PBXGroup section */
		2884581C5276EBDE8F9A5113 /* Frameworks */ = {
			isa = PBXGroup;
			children = (
				9120481EDDB2E97D1FC61ED2 /* Pods_ChoiceSNS.framework */,
			);
			name = Frameworks;
			sourceTree = "<group>";
		};
		7881F56E08EAE7CDBB84142C /* Pods */ = {
			isa = PBXGroup;
			children = (
				801667A7049CFB4A78E5F316 /* Pods-ChoiceSNS.debug.xcconfig */,
				90295E4374F8CEC836CA9D4F /* Pods-ChoiceSNS.release.xcconfig */,
			);
			name = Pods;
			sourceTree = "<group>";
		};
		EF400C081DA20E770028E9FC /* SignUpViews */ = {
			isa = PBXGroup;
			children = (
			);
			name = SignUpViews;
			sourceTree = "<group>";
		};
		EF774A4B1D9E15E500C773E5 = {
			isa = PBXGroup;
			children = (
				EF774A561D9E15E500C773E5 /* ChoiceSNS */,
				EFE5E47A1D9EA4AC0078FB78 /* Resources */,
				EF774A551D9E15E500C773E5 /* Products */,
				7881F56E08EAE7CDBB84142C /* Pods */,
				2884581C5276EBDE8F9A5113 /* Frameworks */,
			);
			sourceTree = "<group>";
		};
		EF774A551D9E15E500C773E5 /* Products */ = {
			isa = PBXGroup;
			children = (
				EF774A541D9E15E500C773E5 /* ChoiceSNS.app */,
			);
			name = Products;
			sourceTree = "<group>";
		};
		EF774A561D9E15E500C773E5 /* ChoiceSNS */ = {
			isa = PBXGroup;
			children = (
				EFE5E4731D9EA04D0078FB78 /* Views */,
				EF774A571D9E15E500C773E5 /* AppDelegate.swift */,
				EF774A5B1D9E15E500C773E5 /* Main.storyboard */,
				EF774A5E1D9E15E500C773E5 /* Assets.xcassets */,
				EF774A601D9E15E500C773E5 /* LaunchScreen.storyboard */,
				EF774A631D9E15E500C773E5 /* Info.plist */,
				EF774A751D9E69C700C773E5 /* Classes */,
			);
			path = ChoiceSNS;
			sourceTree = "<group>";
		};
		EF774A751D9E69C700C773E5 /* Classes */ = {
			isa = PBXGroup;
			children = (
				EF774A761D9E69F500C773E5 /* customUser.swift */,
				EF774A781D9E6AEB00C773E5 /* Plan.swift */,
				EFE5E4711D9E8AE40078FB78 /* customPost.swift */,
			);
			name = Classes;
			sourceTree = "<group>";
		};
		EFE5E4731D9EA04D0078FB78 /* Views */ = {
			isa = PBXGroup;
			children = (
				EF400C081DA20E770028E9FC /* SignUpViews */,
				EFE5E4761D9EA0C40078FB78 /* PlanBlurView.swift */,
				EF774A591D9E15E500C773E5 /* MainVC.swift */,
				EF774A711D9E21DB00C773E5 /* PostTableView.swift */,
				EF774A6F1D9E1F1800C773E5 /* PostCell.swift */,
				EFE5E47D1D9EA7BE0078FB78 /* MiniCommentTableView.swift */,
				EFAA4E6B1D9FEAF0007B098C /* WritePostVC.swift */,
				EF7D7ABB1DA175890005AEBB /* SignInVC.swift */,
			);
			name = Views;
			sourceTree = "<group>";
		};
		EFE5E47A1D9EA4AC0078FB78 /* Resources */ = {
			isa = PBXGroup;
			children = (
				EF7D7ABD1DA17A080005AEBB /* iconMonster.png */,
				EF7D7ABE1DA17A080005AEBB /* iconBell.png */,
				EF7D7ABF1DA17A080005AEBB /* iocnSearch.png */,
				EF7D7AC01DA17A080005AEBB /* iconUser.png */,
				EF7D7AC11DA17A080005AEBB /* iconHome.png */,
				EFAA4E671D9FE6B3007B098C /* imgPlan1_A.jpeg */,
				EFAA4E681D9FE6B3007B098C /* imgPlan1_B.jpeg */,
				EF774A691D9E1ED900C773E5 /* imgJjajang.jpg */,
				EF774A6A1D9E1ED900C773E5 /* imgJJmaBBong.jpeg */,
				EF774A6B1D9E1ED900C773E5 /* imgProfile.jpg */,
				EFE5E46F1D9E872E0078FB78 /* imgMoon.jpeg */,
				EFE5E4781D9EA4A50078FB78 /* iconCircleChart.png */,
				EFE5E47B1D9EA5C50078FB78 /* iconBubble.png */,
			);
			name = Resources;
			path = ChoiceSNS;
			sourceTree = "<group>";
		};
/* End PBXGroup section */

/* Begin PBXNativeTarget section */
		EF774A531D9E15E500C773E5 /* ChoiceSNS */ = {
			isa = PBXNativeTarget;
			buildConfigurationList = EF774A661D9E15E500C773E5 /* Build configuration list for PBXNativeTarget "ChoiceSNS" */;
			buildPhases = (
				02C69ED5DE507FD67EB2631C /* [CP] Check Pods Manifest.lock */,
				EF774A501D9E15E500C773E5 /* Sources */,
				EF774A511D9E15E500C773E5 /* Frameworks */,
				EF774A521D9E15E500C773E5 /* Resources */,
				3EA691A37AE5E212DDA72011 /* [CP] Embed Pods Frameworks */,
				380092FE7E398396B3D50839 /* [CP] Copy Pods Resources */,
			);
			buildRules = (
			);
			dependencies = (
			);
			name = ChoiceSNS;
			productName = ChoiceSNS;
			productReference = EF774A541D9E15E500C773E5 /* ChoiceSNS.app */;
			productType = "com.apple.product-type.application";
		};
/* End PBXNativeTarget section */

/* Begin PBXProject section */
		EF774A4C1D9E15E500C773E5 /* Project object */ = {
			isa = PBXProject;
			attributes = {
				LastSwiftUpdateCheck = 0800;
				LastUpgradeCheck = 0800;
				ORGANIZATIONNAME = depromeet;
				TargetAttributes = {
					EF774A531D9E15E500C773E5 = {
						CreatedOnToolsVersion = 8.0;
						DevelopmentTeam = 827YX997NH;
						LastSwiftMigration = 0800;
						ProvisioningStyle = Automatic;
					};
				};
			};
			buildConfigurationList = EF774A4F1D9E15E500C773E5 /* Build configuration list for PBXProject "ChoiceSNS" */;
			compatibilityVersion = "Xcode 3.2";
			developmentRegion = English;
			hasScannedForEncodings = 0;
			knownRegions = (
				en,
				Base,
			);
			mainGroup = EF774A4B1D9E15E500C773E5;
			productRefGroup = EF774A551D9E15E500C773E5 /* Products */;
			projectDirPath = "";
			projectRoot = "";
			targets = (
				EF774A531D9E15E500C773E5 /* ChoiceSNS */,
			);
		};
/* End PBXProject section */

/* Begin PBXResourcesBuildPhase section */
		EF774A521D9E15E500C773E5 /* Resources */ = {
			isa = PBXResourcesBuildPhase;
			buildActionMask = 2147483647;
			files = (
				EFE5E47C1D9EA5C50078FB78 /* iconBubble.png in Resources */,
				EF7D7AC61DA17A080005AEBB /* iconHome.png in Resources */,
				EF7D7AC31DA17A080005AEBB /* iconBell.png in Resources */,
				EF774A6D1D9E1ED900C773E5 /* imgJJmaBBong.jpeg in Resources */,
				EF774A621D9E15E500C773E5 /* LaunchScreen.storyboard in Resources */,
				EF7D7AC51DA17A080005AEBB /* iconUser.png in Resources */,
				EF7D7AC21DA17A080005AEBB /* iconMonster.png in Resources */,
				EFAA4E6A1D9FE6B3007B098C /* imgPlan1_B.jpeg in Resources */,
				EF7D7AC41DA17A080005AEBB /* iocnSearch.png in Resources */,
				EF774A5F1D9E15E500C773E5 /* Assets.xcassets in Resources */,
				EFE5E4791D9EA4A50078FB78 /* iconCircleChart.png in Resources */,
				EF774A5D1D9E15E500C773E5 /* Main.storyboard in Resources */,
				EFAA4E691D9FE6B3007B098C /* imgPlan1_A.jpeg in Resources */,
				EFE5E4701D9E872E0078FB78 /* imgMoon.jpeg in Resources */,
				EF774A6C1D9E1ED900C773E5 /* imgJjajang.jpg in Resources */,
				EF774A6E1D9E1ED900C773E5 /* imgProfile.jpg in Resources */,
			);
			runOnlyForDeploymentPostprocessing = 0;
		};
/* End PBXResourcesBuildPhase section */

/* Begin PBXShellScriptBuildPhase section */
		02C69ED5DE507FD67EB2631C /* [CP] Check Pods Manifest.lock */ = {
			isa = PBXShellScriptBuildPhase;
			buildActionMask = 2147483647;
			files = (
			);
			inputPaths = (
			);
			name = "[CP] Check Pods Manifest.lock";
			outputPaths = (
			);
			runOnlyForDeploymentPostprocessing = 0;
			shellPath = /bin/sh;
			shellScript = "diff \"${PODS_ROOT}/../Podfile.lock\" \"${PODS_ROOT}/Manifest.lock\" > /dev/null\nif [[ $? != 0 ]] ; then\n    cat << EOM\nerror: The sandbox is not in sync with the Podfile.lock. Run 'pod install' or update your CocoaPods installation.\nEOM\n    exit 1\nfi\n";
			showEnvVarsInLog = 0;
		};
		380092FE7E398396B3D50839 /* [CP] Copy Pods Resources */ = {
			isa = PBXShellScriptBuildPhase;
			buildActionMask = 2147483647;
			files = (
			);
			inputPaths = (
			);
			name = "[CP] Copy Pods Resources";
			outputPaths = (
			);
			runOnlyForDeploymentPostprocessing = 0;
			shellPath = /bin/sh;
			shellScript = "\"${SRCROOT}/Pods/Target Support Files/Pods-ChoiceSNS/Pods-ChoiceSNS-resources.sh\"\n";
			showEnvVarsInLog = 0;
		};
		3EA691A37AE5E212DDA72011 /* [CP] Embed Pods Frameworks */ = {
			isa = PBXShellScriptBuildPhase;
			buildActionMask = 2147483647;
			files = (
			);
			inputPaths = (
			);
			name = "[CP] Embed Pods Frameworks";
			outputPaths = (
			);
			runOnlyForDeploymentPostprocessing = 0;
			shellPath = /bin/sh;
			shellScript = "\"${SRCROOT}/Pods/Target Support Files/Pods-ChoiceSNS/Pods-ChoiceSNS-frameworks.sh\"\n";
			showEnvVarsInLog = 0;
		};
/* End PBXShellScriptBuildPhase section */

/* Begin PBXSourcesBuildPhase section */
		EF774A501D9E15E500C773E5 /* Sources */ = {
			isa = PBXSourcesBuildPhase;
			buildActionMask = 2147483647;
			files = (
				EFE5E4771D9EA0C40078FB78 /* PlanBlurView.swift in Sources */,
				EF774A5A1D9E15E500C773E5 /* MainVC.swift in Sources */,
				EF774A581D9E15E500C773E5 /* AppDelegate.swift in Sources */,
				EF774A791D9E6AEB00C773E5 /* Plan.swift in Sources */,
				EFAA4E6C1D9FEAF0007B098C /* WritePostVC.swift in Sources */,
				EFE5E47E1D9EA7BE0078FB78 /* MiniCommentTableView.swift in Sources */,
				EFE5E4721D9E8AE40078FB78 /* customPost.swift in Sources */,
				EF7D7ABC1DA175890005AEBB /* SignInVC.swift in Sources */,
				EF774A771D9E69F500C773E5 /* customUser.swift in Sources */,
				EF774A701D9E1F1800C773E5 /* PostCell.swift in Sources */,
				EF774A721D9E21DB00C773E5 /* PostTableView.swift in Sources */,
			);
			runOnlyForDeploymentPostprocessing = 0;
		};
/* End PBXSourcesBuildPhase section */

/* Begin PBXVariantGroup section */
		EF774A5B1D9E15E500C773E5 /* Main.storyboard */ = {
			isa = PBXVariantGroup;
			children = (
				EF774A5C1D9E15E500C773E5 /* Base */,
			);
			name = Main.storyboard;
			sourceTree = "<group>";
		};
		EF774A601D9E15E500C773E5 /* LaunchScreen.storyboard */ = {
			isa = PBXVariantGroup;
			children = (
				EF774A611D9E15E500C773E5 /* Base */,
			);
			name = LaunchScreen.storyboard;
			sourceTree = "<group>";
		};
/* End PBXVariantGroup section */

/* Begin XCBuildConfiguration section */
		EF774A641D9E15E500C773E5 /* Debug */ = {
			isa = XCBuildConfiguration;
			buildSettings = {
				ALWAYS_SEARCH_USER_PATHS = NO;
				CLANG_ANALYZER_NONNULL = YES;
				CLANG_CXX_LANGUAGE_STANDARD = "gnu++0x";
				CLANG_CXX_LIBRARY = "libc++";
				CLANG_ENABLE_MODULES = YES;
				CLANG_ENABLE_OBJC_ARC = YES;
				CLANG_WARN_BOOL_CONVERSION = YES;
				CLANG_WARN_CONSTANT_CONVERSION = YES;
				CLANG_WARN_DIRECT_OBJC_ISA_USAGE = YES_ERROR;
				CLANG_WARN_DOCUMENTATION_COMMENTS = YES;
				CLANG_WARN_EMPTY_BODY = YES;
				CLANG_WARN_ENUM_CONVERSION = YES;
				CLANG_WARN_INFINITE_RECURSION = YES;
				CLANG_WARN_INT_CONVERSION = YES;
				CLANG_WARN_OBJC_ROOT_CLASS = YES_ERROR;
				CLANG_WARN_SUSPICIOUS_MOVES = YES;
				CLANG_WARN_UNREACHABLE_CODE = YES;
				CLANG_WARN__DUPLICATE_METHOD_MATCH = YES;
				"CODE_SIGN_IDENTITY[sdk=iphoneos*]" = "iPhone Developer";
				COPY_PHASE_STRIP = NO;
				DEBUG_INFORMATION_FORMAT = dwarf;
				ENABLE_STRICT_OBJC_MSGSEND = YES;
				ENABLE_TESTABILITY = YES;
				GCC_C_LANGUAGE_STANDARD = gnu99;
				GCC_DYNAMIC_NO_PIC = NO;
				GCC_NO_COMMON_BLOCKS = YES;
				GCC_OPTIMIZATION_LEVEL = 0;
				GCC_PREPROCESSOR_DEFINITIONS = (
					"DEBUG=1",
					"$(inherited)",
				);
				GCC_WARN_64_TO_32_BIT_CONVERSION = YES;
				GCC_WARN_ABOUT_RETURN_TYPE = YES_ERROR;
				GCC_WARN_UNDECLARED_SELECTOR = YES;
				GCC_WARN_UNINITIALIZED_AUTOS = YES_AGGRESSIVE;
				GCC_WARN_UNUSED_FUNCTION = YES;
				GCC_WARN_UNUSED_VARIABLE = YES;
				IPHONEOS_DEPLOYMENT_TARGET = 10.0;
				MTL_ENABLE_DEBUG_INFO = YES;
				ONLY_ACTIVE_ARCH = YES;
				SDKROOT = iphoneos;
				SWIFT_ACTIVE_COMPILATION_CONDITIONS = DEBUG;
				SWIFT_OPTIMIZATION_LEVEL = "-Onone";
			};
			name = Debug;
		};
		EF774A651D9E15E500C773E5 /* Release */ = {
			isa = XCBuildConfiguration;
			buildSettings = {
				ALWAYS_SEARCH_USER_PATHS = NO;
				CLANG_ANALYZER_NONNULL = YES;
				CLANG_CXX_LANGUAGE_STANDARD = "gnu++0x";
				CLANG_CXX_LIBRARY = "libc++";
				CLANG_ENABLE_MODULES = YES;
				CLANG_ENABLE_OBJC_ARC = YES;
				CLANG_WARN_BOOL_CONVERSION = YES;
				CLANG_WARN_CONSTANT_CONVERSION = YES;
				CLANG_WARN_DIRECT_OBJC_ISA_USAGE = YES_ERROR;
				CLANG_WARN_DOCUMENTATION_COMMENTS = YES;
				CLANG_WARN_EMPTY_BODY = YES;
				CLANG_WARN_ENUM_CONVERSION = YES;
				CLANG_WARN_INFINITE_RECURSION = YES;
				CLANG_WARN_INT_CONVERSION = YES;
				CLANG_WARN_OBJC_ROOT_CLASS = YES_ERROR;
				CLANG_WARN_SUSPICIOUS_MOVES = YES;
				CLANG_WARN_UNREACHABLE_CODE = YES;
				CLANG_WARN__DUPLICATE_METHOD_MATCH = YES;
				"CODE_SIGN_IDENTITY[sdk=iphoneos*]" = "iPhone Developer";
				COPY_PHASE_STRIP = NO;
				DEBUG_INFORMATION_FORMAT = "dwarf-with-dsym";
				ENABLE_NS_ASSERTIONS = NO;
				ENABLE_STRICT_OBJC_MSGSEND = YES;
				GCC_C_LANGUAGE_STANDARD = gnu99;
				GCC_NO_COMMON_BLOCKS = YES;
				GCC_WARN_64_TO_32_BIT_CONVERSION = YES;
				GCC_WARN_ABOUT_RETURN_TYPE = YES_ERROR;
				GCC_WARN_UNDECLARED_SELECTOR = YES;
				GCC_WARN_UNINITIALIZED_AUTOS = YES_AGGRESSIVE;
				GCC_WARN_UNUSED_FUNCTION = YES;
				GCC_WARN_UNUSED_VARIABLE = YES;
				IPHONEOS_DEPLOYMENT_TARGET = 10.0;
				MTL_ENABLE_DEBUG_INFO = NO;
				SDKROOT = iphoneos;
				SWIFT_OPTIMIZATION_LEVEL = "-Owholemodule";
				VALIDATE_PRODUCT = YES;
			};
			name = Release;
		};
		EF774A671D9E15E500C773E5 /* Debug */ = {
			isa = XCBuildConfiguration;
			baseConfigurationReference = 801667A7049CFB4A78E5F316 /* Pods-ChoiceSNS.debug.xcconfig */;
			buildSettings = {
				ASSETCATALOG_COMPILER_APPICON_NAME = AppIcon;
				DEVELOPMENT_TEAM = 827YX997NH;
				INFOPLIST_FILE = ChoiceSNS/Info.plist;
				LD_RUNPATH_SEARCH_PATHS = "$(inherited) @executable_path/Frameworks";
				PRODUCT_BUNDLE_IDENTIFIER = com.depromeet.ChoiceSNS;
				PRODUCT_NAME = "$(TARGET_NAME)";
				SWIFT_VERSION = 3.0;
			};
			name = Debug;
		};
		EF774A681D9E15E500C773E5 /* Release */ = {
			isa = XCBuildConfiguration;
			baseConfigurationReference = 90295E4374F8CEC836CA9D4F /* Pods-ChoiceSNS.release.xcconfig */;
			buildSettings = {
				ASSETCATALOG_COMPILER_APPICON_NAME = AppIcon;
				DEVELOPMENT_TEAM = 827YX997NH;
				INFOPLIST_FILE = ChoiceSNS/Info.plist;
				LD_RUNPATH_SEARCH_PATHS = "$(inherited) @executable_path/Frameworks";
				PRODUCT_BUNDLE_IDENTIFIER = com.depromeet.ChoiceSNS;
				PRODUCT_NAME = "$(TARGET_NAME)";
				SWIFT_VERSION = 3.0;
			};
			name = Release;
		};
/* End XCBuildConfiguration section */

/* Begin XCConfigurationList section */
		EF774A4F1D9E15E500C773E5 /* Build configuration list for PBXProject "ChoiceSNS" */ = {
			isa = XCConfigurationList;
			buildConfigurations = (
				EF774A641D9E15E500C773E5 /* Debug */,
				EF774A651D9E15E500C773E5 /* Release */,
			);
			defaultConfigurationIsVisible = 0;
			defaultConfigurationName = Release;
		};
		EF774A661D9E15E500C773E5 /* Build configuration list for PBXNativeTarget "ChoiceSNS" */ = {
			isa = XCConfigurationList;
			buildConfigurations = (
				EF774A671D9E15E500C773E5 /* Debug */,
				EF774A681D9E15E500C773E5 /* Release */,
			);
			defaultConfigurationIsVisible = 0;
			defaultConfigurationName = Release;
		};
/* End XCConfigurationList section */
	};
	rootObject = EF774A4C1D9E15E500C773E5 /* Project object */;
}
